// !$*UTF8*$!
{
	archiveVersion = 1;
	classes = {
	};
	objectVersion = 56;
	objects = {

/* Begin PBXBuildFile section */
		367A71A02D29762A0080766D /* StandRecorder.swift in Sources */ = {isa = PBXBuildFile; fileRef = 367A719F2D29762A0080766D /* StandRecorder.swift */; };
		368E8FD32D2C34B600A330A0 /* HealthDataManager.swift in Sources */ = {isa = PBXBuildFile; fileRef = 368E8FD22D2C34B600A330A0 /* HealthDataManager.swift */; };
		36F4A5D22D282A1E005E54CB /* StandTracker Watch App.app in Embed Watch Content */ = {isa = PBXBuildFile; fileRef = 36F4A5D12D282A1E005E54CB /* StandTracker Watch App.app */; settings = {ATTRIBUTES = (RemoveHeadersOnCopy, ); }; };
		36F4A5D72D282A1E005E54CB /* StandTrackerApp.swift in Sources */ = {isa = PBXBuildFile; fileRef = 36F4A5D62D282A1E005E54CB /* StandTrackerApp.swift */; };
		36F4A5D92D282A1E005E54CB /* ContentView.swift in Sources */ = {isa = PBXBuildFile; fileRef = 36F4A5D82D282A1E005E54CB /* ContentView.swift */; };
		36F4A5DB2D282A1F005E54CB /* Assets.xcassets in Resources */ = {isa = PBXBuildFile; fileRef = 36F4A5DA2D282A1F005E54CB /* Assets.xcassets */; };
		36F4A5DE2D282A1F005E54CB /* Preview Assets.xcassets in Resources */ = {isa = PBXBuildFile; fileRef = 36F4A5DD2D282A1F005E54CB /* Preview Assets.xcassets */; };
		36F4A5E82D282A1F005E54CB /* StandTracker_Watch_AppTests.swift in Sources */ = {isa = PBXBuildFile; fileRef = 36F4A5E72D282A1F005E54CB /* StandTracker_Watch_AppTests.swift */; };
		36F4A5F22D282A1F005E54CB /* StandTracker_Watch_AppUITests.swift in Sources */ = {isa = PBXBuildFile; fileRef = 36F4A5F12D282A1F005E54CB /* StandTracker_Watch_AppUITests.swift */; };
		36F4A5F42D282A1F005E54CB /* StandTracker_Watch_AppUITestsLaunchTests.swift in Sources */ = {isa = PBXBuildFile; fileRef = 36F4A5F32D282A1F005E54CB /* StandTracker_Watch_AppUITestsLaunchTests.swift */; };
/* End PBXBuildFile section */

/* Begin PBXContainerItemProxy section */
		36F4A5D32D282A1E005E54CB /* PBXContainerItemProxy */ = {
			isa = PBXContainerItemProxy;
			containerPortal = 36F4A5C52D282A1D005E54CB /* Project object */;
			proxyType = 1;
			remoteGlobalIDString = 36F4A5D02D282A1E005E54CB;
			remoteInfo = "StandTracker Watch App";
		};
		36F4A5E42D282A1F005E54CB /* PBXContainerItemProxy */ = {
			isa = PBXContainerItemProxy;
			containerPortal = 36F4A5C52D282A1D005E54CB /* Project object */;
			proxyType = 1;
			remoteGlobalIDString = 36F4A5D02D282A1E005E54CB;
			remoteInfo = "StandTracker Watch App";
		};
		36F4A5EE2D282A1F005E54CB /* PBXContainerItemProxy */ = {
			isa = PBXContainerItemProxy;
			containerPortal = 36F4A5C52D282A1D005E54CB /* Project object */;
			proxyType = 1;
			remoteGlobalIDString = 36F4A5D02D282A1E005E54CB;
			remoteInfo = "StandTracker Watch App";
		};
/* End PBXContainerItemProxy section */

/* Begin PBXCopyFilesBuildPhase section */
		36F4A5FA2D282A1F005E54CB /* Embed Watch Content */ = {
			isa = PBXCopyFilesBuildPhase;
			buildActionMask = 2147483647;
			dstPath = "$(CONTENTS_FOLDER_PATH)/Watch";
			dstSubfolderSpec = 16;
			files = (
				36F4A5D22D282A1E005E54CB /* StandTracker Watch App.app in Embed Watch Content */,
			);
			name = "Embed Watch Content";
			runOnlyForDeploymentPostprocessing = 0;
		};
/* End PBXCopyFilesBuildPhase section */

/* Begin PBXFileReference section */
		367A719F2D29762A0080766D /* StandRecorder.swift */ = {isa = PBXFileReference; lastKnownFileType = sourcecode.swift; path = StandRecorder.swift; sourceTree = "<group>"; };
		368E8FD22D2C34B600A330A0 /* HealthDataManager.swift */ = {isa = PBXFileReference; lastKnownFileType = sourcecode.swift; path = HealthDataManager.swift; sourceTree = "<group>"; };
		36F4A5CB2D282A1E005E54CB /* StandTracker.app */ = {isa = PBXFileReference; explicitFileType = wrapper.application; includeInIndex = 0; path = StandTracker.app; sourceTree = BUILT_PRODUCTS_DIR; };
		36F4A5D12D282A1E005E54CB /* StandTracker Watch App.app */ = {isa = PBXFileReference; explicitFileType = wrapper.application; includeInIndex = 0; path = "StandTracker Watch App.app"; sourceTree = BUILT_PRODUCTS_DIR; };
		36F4A5D62D282A1E005E54CB /* StandTrackerApp.swift */ = {isa = PBXFileReference; lastKnownFileType = sourcecode.swift; path = StandTrackerApp.swift; sourceTree = "<group>"; };
		36F4A5D82D282A1E005E54CB /* ContentView.swift */ = {isa = PBXFileReference; lastKnownFileType = sourcecode.swift; path = ContentView.swift; sourceTree = "<group>"; };
		36F4A5DA2D282A1F005E54CB /* Assets.xcassets */ = {isa = PBXFileReference; lastKnownFileType = folder.assetcatalog; path = Assets.xcassets; sourceTree = "<group>"; };
		36F4A5DD2D282A1F005E54CB /* Preview Assets.xcassets */ = {isa = PBXFileReference; lastKnownFileType = folder.assetcatalog; path = "Preview Assets.xcassets"; sourceTree = "<group>"; };
		36F4A5E32D282A1F005E54CB /* StandTracker Watch AppTests.xctest */ = {isa = PBXFileReference; explicitFileType = wrapper.cfbundle; includeInIndex = 0; path = "StandTracker Watch AppTests.xctest"; sourceTree = BUILT_PRODUCTS_DIR; };
		36F4A5E72D282A1F005E54CB /* StandTracker_Watch_AppTests.swift */ = {isa = PBXFileReference; lastKnownFileType = sourcecode.swift; path = StandTracker_Watch_AppTests.swift; sourceTree = "<group>"; };
		36F4A5ED2D282A1F005E54CB /* StandTracker Watch AppUITests.xctest */ = {isa = PBXFileReference; explicitFileType = wrapper.cfbundle; includeInIndex = 0; path = "StandTracker Watch AppUITests.xctest"; sourceTree = BUILT_PRODUCTS_DIR; };
		36F4A5F12D282A1F005E54CB /* StandTracker_Watch_AppUITests.swift */ = {isa = PBXFileReference; lastKnownFileType = sourcecode.swift; path = StandTracker_Watch_AppUITests.swift; sourceTree = "<group>"; };
		36F4A5F32D282A1F005E54CB /* StandTracker_Watch_AppUITestsLaunchTests.swift */ = {isa = PBXFileReference; lastKnownFileType = sourcecode.swift; path = StandTracker_Watch_AppUITestsLaunchTests.swift; sourceTree = "<group>"; };
/* End PBXFileReference section */

/* Begin PBXFrameworksBuildPhase section */
		36F4A5CE2D282A1E005E54CB /* Frameworks */ = {
			isa = PBXFrameworksBuildPhase;
			buildActionMask = 2147483647;
			files = (
			);
			runOnlyForDeploymentPostprocessing = 0;
		};
		36F4A5E02D282A1F005E54CB /* Frameworks */ = {
			isa = PBXFrameworksBuildPhase;
			buildActionMask = 2147483647;
			files = (
			);
			runOnlyForDeploymentPostprocessing = 0;
		};
		36F4A5EA2D282A1F005E54CB /* Frameworks */ = {
			isa = PBXFrameworksBuildPhase;
			buildActionMask = 2147483647;
			files = (
			);
			runOnlyForDeploymentPostprocessing = 0;
		};
/* End PBXFrameworksBuildPhase section */

/* Begin PBXGroup section */
		36F4A5C42D282A1D005E54CB = {
			isa = PBXGroup;
			children = (
				36F4A5D52D282A1E005E54CB /* StandTracker Watch App */,
				36F4A5E62D282A1F005E54CB /* StandTracker Watch AppTests */,
				36F4A5F02D282A1F005E54CB /* StandTracker Watch AppUITests */,
				36F4A5CC2D282A1E005E54CB /* Products */,
			);
			sourceTree = "<group>";
		};
		36F4A5CC2D282A1E005E54CB /* Products */ = {
			isa = PBXGroup;
			children = (
				36F4A5CB2D282A1E005E54CB /* StandTracker.app */,
				36F4A5D12D282A1E005E54CB /* StandTracker Watch App.app */,
				36F4A5E32D282A1F005E54CB /* StandTracker Watch AppTests.xctest */,
				36F4A5ED2D282A1F005E54CB /* StandTracker Watch AppUITests.xctest */,
			);
			name = Products;
			sourceTree = "<group>";
		};
		36F4A5D52D282A1E005E54CB /* StandTracker Watch App */ = {
			isa = PBXGroup;
			children = (
				36F4A5D62D282A1E005E54CB /* StandTrackerApp.swift */,
				36F4A5D82D282A1E005E54CB /* ContentView.swift */,
				36F4A5DA2D282A1F005E54CB /* Assets.xcassets */,
				36F4A5DC2D282A1F005E54CB /* Preview Content */,
				367A719F2D29762A0080766D /* StandRecorder.swift */,
				368E8FD22D2C34B600A330A0 /* HealthDataManager.swift */,
			);
			path = "StandTracker Watch App";
			sourceTree = "<group>";
		};
		36F4A5DC2D282A1F005E54CB /* Preview Content */ = {
			isa = PBXGroup;
			children = (
				36F4A5DD2D282A1F005E54CB /* Preview Assets.xcassets */,
			);
			path = "Preview Content";
			sourceTree = "<group>";
		};
		36F4A5E62D282A1F005E54CB /* StandTracker Watch AppTests */ = {
			isa = PBXGroup;
			children = (
				36F4A5E72D282A1F005E54CB /* StandTracker_Watch_AppTests.swift */,
			);
			path = "StandTracker Watch AppTests";
			sourceTree = "<group>";
		};
		36F4A5F02D282A1F005E54CB /* StandTracker Watch AppUITests */ = {
			isa = PBXGroup;
			children = (
				36F4A5F12D282A1F005E54CB /* StandTracker_Watch_AppUITests.swift */,
				36F4A5F32D282A1F005E54CB /* StandTracker_Watch_AppUITestsLaunchTests.swift */,
			);
			path = "StandTracker Watch AppUITests";
			sourceTree = "<group>";
		};
/* End PBXGroup section */

/* Begin PBXNativeTarget section */
		36F4A5CA2D282A1E005E54CB /* StandTracker */ = {
			isa = PBXNativeTarget;
			buildConfigurationList = 36F4A5FB2D282A1F005E54CB /* Build configuration list for PBXNativeTarget "StandTracker" */;
			buildPhases = (
				36F4A5C92D282A1E005E54CB /* Resources */,
				36F4A5FA2D282A1F005E54CB /* Embed Watch Content */,
			);
			buildRules = (
			);
			dependencies = (
				36F4A5D42D282A1E005E54CB /* PBXTargetDependency */,
			);
			name = StandTracker;
			productName = StandTracker;
			productReference = 36F4A5CB2D282A1E005E54CB /* StandTracker.app */;
			productType = "com.apple.product-type.application.watchapp2-container";
		};
		36F4A5D02D282A1E005E54CB /* StandTracker Watch App */ = {
			isa = PBXNativeTarget;
			buildConfigurationList = 36F4A5F72D282A1F005E54CB /* Build configuration list for PBXNativeTarget "StandTracker Watch App" */;
			buildPhases = (
				36F4A5CD2D282A1E005E54CB /* Sources */,
				36F4A5CE2D282A1E005E54CB /* Frameworks */,
				36F4A5CF2D282A1E005E54CB /* Resources */,
			);
			buildRules = (
			);
			dependencies = (
			);
			name = "StandTracker Watch App";
			productName = "StandTracker Watch App";
			productReference = 36F4A5D12D282A1E005E54CB /* StandTracker Watch App.app */;
			productType = "com.apple.product-type.application";
		};
		36F4A5E22D282A1F005E54CB /* StandTracker Watch AppTests */ = {
			isa = PBXNativeTarget;
			buildConfigurationList = 36F4A5FE2D282A1F005E54CB /* Build configuration list for PBXNativeTarget "StandTracker Watch AppTests" */;
			buildPhases = (
				36F4A5DF2D282A1F005E54CB /* Sources */,
				36F4A5E02D282A1F005E54CB /* Frameworks */,
				36F4A5E12D282A1F005E54CB /* Resources */,
			);
			buildRules = (
			);
			dependencies = (
				36F4A5E52D282A1F005E54CB /* PBXTargetDependency */,
			);
			name = "StandTracker Watch AppTests";
			productName = "StandTracker Watch AppTests";
			productReference = 36F4A5E32D282A1F005E54CB /* StandTracker Watch AppTests.xctest */;
			productType = "com.apple.product-type.bundle.unit-test";
		};
		36F4A5EC2D282A1F005E54CB /* StandTracker Watch AppUITests */ = {
			isa = PBXNativeTarget;
			buildConfigurationList = 36F4A6012D282A1F005E54CB /* Build configuration list for PBXNativeTarget "StandTracker Watch AppUITests" */;
			buildPhases = (
				36F4A5E92D282A1F005E54CB /* Sources */,
				36F4A5EA2D282A1F005E54CB /* Frameworks */,
				36F4A5EB2D282A1F005E54CB /* Resources */,
			);
			buildRules = (
			);
			dependencies = (
				36F4A5EF2D282A1F005E54CB /* PBXTargetDependency */,
			);
			name = "StandTracker Watch AppUITests";
			productName = "StandTracker Watch AppUITests";
			productReference = 36F4A5ED2D282A1F005E54CB /* StandTracker Watch AppUITests.xctest */;
			productType = "com.apple.product-type.bundle.ui-testing";
		};
/* End PBXNativeTarget section */

/* Begin PBXProject section */
		36F4A5C52D282A1D005E54CB /* Project object */ = {
			isa = PBXProject;
			attributes = {
				BuildIndependentTargetsInParallel = 1;
				LastSwiftUpdateCheck = 1540;
				LastUpgradeCheck = 1540;
				TargetAttributes = {
					36F4A5CA2D282A1E005E54CB = {
						CreatedOnToolsVersion = 15.4;
					};
					36F4A5D02D282A1E005E54CB = {
						CreatedOnToolsVersion = 15.4;
					};
					36F4A5E22D282A1F005E54CB = {
						CreatedOnToolsVersion = 15.4;
						TestTargetID = 36F4A5D02D282A1E005E54CB;
					};
					36F4A5EC2D282A1F005E54CB = {
						CreatedOnToolsVersion = 15.4;
						TestTargetID = 36F4A5D02D282A1E005E54CB;
					};
				};
			};
			buildConfigurationList = 36F4A5C82D282A1D005E54CB /* Build configuration list for PBXProject "StandTracker" */;
			compatibilityVersion = "Xcode 14.0";
			developmentRegion = en;
			hasScannedForEncodings = 0;
			knownRegions = (
				en,
				Base,
			);
			mainGroup = 36F4A5C42D282A1D005E54CB;
			productRefGroup = 36F4A5CC2D282A1E005E54CB /* Products */;
			projectDirPath = "";
			projectRoot = "";
			targets = (
				36F4A5CA2D282A1E005E54CB /* StandTracker */,
				36F4A5D02D282A1E005E54CB /* StandTracker Watch App */,
				36F4A5E22D282A1F005E54CB /* StandTracker Watch AppTests */,
				36F4A5EC2D282A1F005E54CB /* StandTracker Watch AppUITests */,
			);
		};
/* End PBXProject section */

/* Begin PBXResourcesBuildPhase section */
		36F4A5C92D282A1E005E54CB /* Resources */ = {
			isa = PBXResourcesBuildPhase;
			buildActionMask = 2147483647;
			files = (
			);
			runOnlyForDeploymentPostprocessing = 0;
		};
		36F4A5CF2D282A1E005E54CB /* Resources */ = {
			isa = PBXResourcesBuildPhase;
			buildActionMask = 2147483647;
			files = (
				36F4A5DE2D282A1F005E54CB /* Preview Assets.xcassets in Resources */,
				36F4A5DB2D282A1F005E54CB /* Assets.xcassets in Resources */,
			);
			runOnlyForDeploymentPostprocessing = 0;
		};
		36F4A5E12D282A1F005E54CB /* Resources */ = {
			isa = PBXResourcesBuildPhase;
			buildActionMask = 2147483647;
			files = (
			);
			runOnlyForDeploymentPostprocessing = 0;
		};
		36F4A5EB2D282A1F005E54CB /* Resources */ = {
			isa = PBXResourcesBuildPhase;
			buildActionMask = 2147483647;
			files = (
			);
			runOnlyForDeploymentPostprocessing = 0;
		};
/* End PBXResourcesBuildPhase section */

/* Begin PBXSourcesBuildPhase section */
		36F4A5CD2D282A1E005E54CB /* Sources */ = {
			isa = PBXSourcesBuildPhase;
			buildActionMask = 2147483647;
			files = (
				36F4A5D92D282A1E005E54CB /* ContentView.swift in Sources */,
				36F4A5D72D282A1E005E54CB /* StandTrackerApp.swift in Sources */,
				368E8FD32D2C34B600A330A0 /* HealthDataManager.swift in Sources */,
				367A71A02D29762A0080766D /* StandRecorder.swift in Sources */,
			);
			runOnlyForDeploymentPostprocessing = 0;
		};
		36F4A5DF2D282A1F005E54CB /* Sources */ = {
			isa = PBXSourcesBuildPhase;
			buildActionMask = 2147483647;
			files = (
				36F4A5E82D282A1F005E54CB /* StandTracker_Watch_AppTests.swift in Sources */,
			);
			runOnlyForDeploymentPostprocessing = 0;
		};
		36F4A5E92D282A1F005E54CB /* Sources */ = {
			isa = PBXSourcesBuildPhase;
			buildActionMask = 2147483647;
			files = (
				36F4A5F42D282A1F005E54CB /* StandTracker_Watch_AppUITestsLaunchTests.swift in Sources */,
				36F4A5F22D282A1F005E54CB /* StandTracker_Watch_AppUITests.swift in Sources */,
			);
			runOnlyForDeploymentPostprocessing = 0;
		};
/* End PBXSourcesBuildPhase section */

/* Begin PBXTargetDependency section */
		36F4A5D42D282A1E005E54CB /* PBXTargetDependency */ = {
			isa = PBXTargetDependency;
			target = 36F4A5D02D282A1E005E54CB /* StandTracker Watch App */;
			targetProxy = 36F4A5D32D282A1E005E54CB /* PBXContainerItemProxy */;
		};
		36F4A5E52D282A1F005E54CB /* PBXTargetDependency */ = {
			isa = PBXTargetDependency;
			target = 36F4A5D02D282A1E005E54CB /* StandTracker Watch App */;
			targetProxy = 36F4A5E42D282A1F005E54CB /* PBXContainerItemProxy */;
		};
		36F4A5EF2D282A1F005E54CB /* PBXTargetDependency */ = {
			isa = PBXTargetDependency;
			target = 36F4A5D02D282A1E005E54CB /* StandTracker Watch App */;
			targetProxy = 36F4A5EE2D282A1F005E54CB /* PBXContainerItemProxy */;
		};
/* End PBXTargetDependency section */

/* Begin XCBuildConfiguration section */
		36F4A5F52D282A1F005E54CB /* Debug */ = {
			isa = XCBuildConfiguration;
			buildSettings = {
				ALWAYS_SEARCH_USER_PATHS = NO;
				ASSETCATALOG_COMPILER_GENERATE_SWIFT_ASSET_SYMBOL_EXTENSIONS = YES;
				CLANG_ANALYZER_NONNULL = YES;
				CLANG_ANALYZER_NUMBER_OBJECT_CONVERSION = YES_AGGRESSIVE;
				CLANG_CXX_LANGUAGE_STANDARD = "gnu++20";
				CLANG_ENABLE_MODULES = YES;
				CLANG_ENABLE_OBJC_ARC = YES;
				CLANG_ENABLE_OBJC_WEAK = YES;
				CLANG_WARN_BLOCK_CAPTURE_AUTORELEASING = YES;
				CLANG_WARN_BOOL_CONVERSION = YES;
				CLANG_WARN_COMMA = YES;
				CLANG_WARN_CONSTANT_CONVERSION = YES;
				CLANG_WARN_DEPRECATED_OBJC_IMPLEMENTATIONS = YES;
				CLANG_WARN_DIRECT_OBJC_ISA_USAGE = YES_ERROR;
				CLANG_WARN_DOCUMENTATION_COMMENTS = YES;
				CLANG_WARN_EMPTY_BODY = YES;
				CLANG_WARN_ENUM_CONVERSION = YES;
				CLANG_WARN_INFINITE_RECURSION = YES;
				CLANG_WARN_INT_CONVERSION = YES;
				CLANG_WARN_NON_LITERAL_NULL_CONVERSION = YES;
				CLANG_WARN_OBJC_IMPLICIT_RETAIN_SELF = YES;
				CLANG_WARN_OBJC_LITERAL_CONVERSION = YES;
				CLANG_WARN_OBJC_ROOT_CLASS = YES_ERROR;
				CLANG_WARN_QUOTED_INCLUDE_IN_FRAMEWORK_HEADER = YES;
				CLANG_WARN_RANGE_LOOP_ANALYSIS = YES;
				CLANG_WARN_STRICT_PROTOTYPES = YES;
				CLANG_WARN_SUSPICIOUS_MOVE = YES;
				CLANG_WARN_UNGUARDED_AVAILABILITY = YES_AGGRESSIVE;
				CLANG_WARN_UNREACHABLE_CODE = YES;
				CLANG_WARN__DUPLICATE_METHOD_MATCH = YES;
				COPY_PHASE_STRIP = NO;
				DEBUG_INFORMATION_FORMAT = dwarf;
				ENABLE_STRICT_OBJC_MSGSEND = YES;
				ENABLE_TESTABILITY = YES;
				ENABLE_USER_SCRIPT_SANDBOXING = YES;
				GCC_C_LANGUAGE_STANDARD = gnu17;
				GCC_DYNAMIC_NO_PIC = NO;
				GCC_NO_COMMON_BLOCKS = YES;
				GCC_OPTIMIZATION_LEVEL = 0;
				GCC_PREPROCESSOR_DEFINITIONS = (
					"DEBUG=1",
					"$(inherited)",
				);
				GCC_WARN_64_TO_32_BIT_CONVERSION = YES;
				GCC_WARN_ABOUT_RETURN_TYPE = YES_ERROR;
				GCC_WARN_UNDECLARED_SELECTOR = YES;
				GCC_WARN_UNINITIALIZED_AUTOS = YES_AGGRESSIVE;
				GCC_WARN_UNUSED_FUNCTION = YES;
				GCC_WARN_UNUSED_VARIABLE = YES;
				LOCALIZATION_PREFERS_STRING_CATALOGS = YES;
				MTL_ENABLE_DEBUG_INFO = INCLUDE_SOURCE;
				MTL_FAST_MATH = YES;
				ONLY_ACTIVE_ARCH = YES;
				SWIFT_ACTIVE_COMPILATION_CONDITIONS = "DEBUG $(inherited)";
				SWIFT_OPTIMIZATION_LEVEL = "-Onone";
			};
			name = Debug;
		};
		36F4A5F62D282A1F005E54CB /* Release */ = {
			isa = XCBuildConfiguration;
			buildSettings = {
				ALWAYS_SEARCH_USER_PATHS = NO;
				ASSETCATALOG_COMPILER_GENERATE_SWIFT_ASSET_SYMBOL_EXTENSIONS = YES;
				CLANG_ANALYZER_NONNULL = YES;
				CLANG_ANALYZER_NUMBER_OBJECT_CONVERSION = YES_AGGRESSIVE;
				CLANG_CXX_LANGUAGE_STANDARD = "gnu++20";
				CLANG_ENABLE_MODULES = YES;
				CLANG_ENABLE_OBJC_ARC = YES;
				CLANG_ENABLE_OBJC_WEAK = YES;
				CLANG_WARN_BLOCK_CAPTURE_AUTORELEASING = YES;
				CLANG_WARN_BOOL_CONVERSION = YES;
				CLANG_WARN_COMMA = YES;
				CLANG_WARN_CONSTANT_CONVERSION = YES;
				CLANG_WARN_DEPRECATED_OBJC_IMPLEMENTATIONS = YES;
				CLANG_WARN_DIRECT_OBJC_ISA_USAGE = YES_ERROR;
				CLANG_WARN_DOCUMENTATION_COMMENTS = YES;
				CLANG_WARN_EMPTY_BODY = YES;
				CLANG_WARN_ENUM_CONVERSION = YES;
				CLANG_WARN_INFINITE_RECURSION = YES;
				CLANG_WARN_INT_CONVERSION = YES;
				CLANG_WARN_NON_LITERAL_NULL_CONVERSION = YES;
				CLANG_WARN_OBJC_IMPLICIT_RETAIN_SELF = YES;
				CLANG_WARN_OBJC_LITERAL_CONVERSION = YES;
				CLANG_WARN_OBJC_ROOT_CLASS = YES_ERROR;
				CLANG_WARN_QUOTED_INCLUDE_IN_FRAMEWORK_HEADER = YES;
				CLANG_WARN_RANGE_LOOP_ANALYSIS = YES;
				CLANG_WARN_STRICT_PROTOTYPES = YES;
				CLANG_WARN_SUSPICIOUS_MOVE = YES;
				CLANG_WARN_UNGUARDED_AVAILABILITY = YES_AGGRESSIVE;
				CLANG_WARN_UNREACHABLE_CODE = YES;
				CLANG_WARN__DUPLICATE_METHOD_MATCH = YES;
				COPY_PHASE_STRIP = NO;
				DEBUG_INFORMATION_FORMAT = "dwarf-with-dsym";
				ENABLE_NS_ASSERTIONS = NO;
				ENABLE_STRICT_OBJC_MSGSEND = YES;
				ENABLE_USER_SCRIPT_SANDBOXING = YES;
				GCC_C_LANGUAGE_STANDARD = gnu17;
				GCC_NO_COMMON_BLOCKS = YES;
				GCC_WARN_64_TO_32_BIT_CONVERSION = YES;
				GCC_WARN_ABOUT_RETURN_TYPE = YES_ERROR;
				GCC_WARN_UNDECLARED_SELECTOR = YES;
				GCC_WARN_UNINITIALIZED_AUTOS = YES_AGGRESSIVE;
				GCC_WARN_UNUSED_FUNCTION = YES;
				GCC_WARN_UNUSED_VARIABLE = YES;
				LOCALIZATION_PREFERS_STRING_CATALOGS = YES;
				MTL_ENABLE_DEBUG_INFO = NO;
				MTL_FAST_MATH = YES;
				SWIFT_COMPILATION_MODE = wholemodule;
			};
			name = Release;
		};
		36F4A5F82D282A1F005E54CB /* Debug */ = {
			isa = XCBuildConfiguration;
			buildSettings = {
				ASSETCATALOG_COMPILER_APPICON_NAME = AppIcon;
				ASSETCATALOG_COMPILER_GLOBAL_ACCENT_COLOR_NAME = AccentColor;
				CODE_SIGN_ENTITLEMENTS = "StandTracker Watch App/StandTracker Watch App.entitlements";
				CODE_SIGN_STYLE = Automatic;
				CURRENT_PROJECT_VERSION = 1;
				DEVELOPMENT_ASSET_PATHS = "\"StandTracker Watch App/Preview Content\"";
				DEVELOPMENT_TEAM = 8D29WN2Z53;
				ENABLE_PREVIEWS = YES;
				GENERATE_INFOPLIST_FILE = YES;
				INFOPLIST_FILE = "StandTracker-Watch-App-Info.plist";
				INFOPLIST_KEY_CFBundleDisplayName = StandTracker;
				INFOPLIST_KEY_LSApplicationCategoryType = "";
				INFOPLIST_KEY_NSHealthShareUsageDescription = "This app needs access to your weight data to track your progress towards your fitness goals.";
				INFOPLIST_KEY_UISupportedInterfaceOrientations = "UIInterfaceOrientationPortrait UIInterfaceOrientationPortraitUpsideDown";
				INFOPLIST_KEY_WKWatchOnly = YES;
				LD_RUNPATH_SEARCH_PATHS = (
					"$(inherited)",
					"@executable_path/Frameworks",
				);
				MARKETING_VERSION = 1.0;
				PRODUCT_BUNDLE_IDENTIFIER = com.imrume.StandTracker.watchkitapp;
				PRODUCT_NAME = "$(TARGET_NAME)";
				SDKROOT = watchos;
				SKIP_INSTALL = YES;
				SWIFT_EMIT_LOC_STRINGS = YES;
				SWIFT_VERSION = 5.0;
				TARGETED_DEVICE_FAMILY = 4;
				WATCHOS_DEPLOYMENT_TARGET = 10.2;
			};
			name = Debug;
		};
		36F4A5F92D282A1F005E54CB /* Release */ = {
			isa = XCBuildConfiguration;
			buildSettings = {
				ASSETCATALOG_COMPILER_APPICON_NAME = AppIcon;
				ASSETCATALOG_COMPILER_GLOBAL_ACCENT_COLOR_NAME = AccentColor;
				CODE_SIGN_ENTITLEMENTS = "StandTracker Watch App/StandTracker Watch App.entitlements";
				CODE_SIGN_STYLE = Automatic;
				CURRENT_PROJECT_VERSION = 1;
				DEVELOPMENT_ASSET_PATHS = "\"StandTracker Watch App/Preview Content\"";
				DEVELOPMENT_TEAM = 8D29WN2Z53;
				ENABLE_PREVIEWS = YES;
				GENERATE_INFOPLIST_FILE = YES;
				INFOPLIST_FILE = "StandTracker-Watch-App-Info.plist";
				INFOPLIST_KEY_CFBundleDisplayName = StandTracker;
				INFOPLIST_KEY_LSApplicationCategoryType = "";
				INFOPLIST_KEY_NSHealthShareUsageDescription = "This app needs access to your weight data to track your progress towards your fitness goals.";
				INFOPLIST_KEY_UISupportedInterfaceOrientations = "UIInterfaceOrientationPortrait UIInterfaceOrientationPortraitUpsideDown";
				INFOPLIST_KEY_WKWatchOnly = YES;
				LD_RUNPATH_SEARCH_PATHS = (
					"$(inherited)",
					"@executable_path/Frameworks",
				);
				MARKETING_VERSION = 1.0;
				PRODUCT_BUNDLE_IDENTIFIER = com.imrume.StandTracker.watchkitapp;
				PRODUCT_NAME = "$(TARGET_NAME)";
				SDKROOT = watchos;
				SKIP_INSTALL = YES;
				SWIFT_EMIT_LOC_STRINGS = YES;
				SWIFT_VERSION = 5.0;
				TARGETED_DEVICE_FAMILY = 4;
				VALIDATE_PRODUCT = YES;
				WATCHOS_DEPLOYMENT_TARGET = 10.2;
			};
			name = Release;
		};
		36F4A5FC2D282A1F005E54CB /* Debug */ = {
			isa = XCBuildConfiguration;
			buildSettings = {
				ALWAYS_EMBED_SWIFT_STANDARD_LIBRARIES = YES;
				CODE_SIGN_IDENTITY = "Apple Development";
				CODE_SIGN_STYLE = Automatic;
				CURRENT_PROJECT_VERSION = 1;
				DEVELOPMENT_TEAM = 8D29WN2Z53;
				INFOPLIST_KEY_CFBundleDisplayName = StandTracker;
				MARKETING_VERSION = 1.0;
				PRODUCT_BUNDLE_IDENTIFIER = com.imrume.StandTracker;
				PRODUCT_NAME = "$(TARGET_NAME)";
				PROVISIONING_PROFILE_SPECIFIER = "";
				SDKROOT = watchos;
				SUPPORTED_PLATFORMS = "iphonesimulator iphoneos";
				SUPPORTS_MACCATALYST = NO;
				SWIFT_VERSION = 5.0;
				TARGETED_DEVICE_FAMILY = "1,4";
			};
			name = Debug;
		};
		36F4A5FD2D282A1F005E54CB /* Release */ = {
			isa = XCBuildConfiguration;
			buildSettings = {
				ALWAYS_EMBED_SWIFT_STANDARD_LIBRARIES = YES;
				CODE_SIGN_IDENTITY = "Apple Development";
				CODE_SIGN_STYLE = Automatic;
				CURRENT_PROJECT_VERSION = 1;
				DEVELOPMENT_TEAM = 8D29WN2Z53;
				INFOPLIST_KEY_CFBundleDisplayName = StandTracker;
				MARKETING_VERSION = 1.0;
				PRODUCT_BUNDLE_IDENTIFIER = com.imrume.StandTracker;
				PRODUCT_NAME = "$(TARGET_NAME)";
				PROVISIONING_PROFILE_SPECIFIER = "";
				SDKROOT = watchos;
				SUPPORTED_PLATFORMS = "iphonesimulator iphoneos";
				SUPPORTS_MACCATALYST = NO;
				SWIFT_VERSION = 5.0;
				TARGETED_DEVICE_FAMILY = "1,4";
				VALIDATE_PRODUCT = YES;
			};
			name = Release;
		};
		36F4A5FF2D282A1F005E54CB /* Debug */ = {
			isa = XCBuildConfiguration;
			buildSettings = {
				ALWAYS_EMBED_SWIFT_STANDARD_LIBRARIES = YES;
				BUNDLE_LOADER = "$(TEST_HOST)";
				CODE_SIGN_STYLE = Automatic;
				CURRENT_PROJECT_VERSION = 1;
				DEVELOPMENT_TEAM = 8D29WN2Z53;
				GENERATE_INFOPLIST_FILE = YES;
				MARKETING_VERSION = 1.0;
				PRODUCT_BUNDLE_IDENTIFIER = "com.imrume.StandTracker-Watch-AppTests";
				PRODUCT_NAME = "$(TARGET_NAME)";
				SDKROOT = watchos;
				SUPPORTED_PLATFORMS = "iphoneos iphonesimulator watchos watchsimulator";
				SUPPORTS_MACCATALYST = NO;
				SWIFT_EMIT_LOC_STRINGS = NO;
				SWIFT_VERSION = 5.0;
				TARGETED_DEVICE_FAMILY = "1,4";
				TEST_HOST = "$(BUILT_PRODUCTS_DIR)/StandTracker Watch App.app/$(BUNDLE_EXECUTABLE_FOLDER_PATH)/StandTracker Watch App";
				WATCHOS_DEPLOYMENT_TARGET = 10.5;
			};
			name = Debug;
		};
		36F4A6002D282A1F005E54CB /* Release */ = {
			isa = XCBuildConfiguration;
			buildSettings = {
				ALWAYS_EMBED_SWIFT_STANDARD_LIBRARIES = YES;
				BUNDLE_LOADER = "$(TEST_HOST)";
				CODE_SIGN_STYLE = Automatic;
				CURRENT_PROJECT_VERSION = 1;
				DEVELOPMENT_TEAM = 8D29WN2Z53;
				GENERATE_INFOPLIST_FILE = YES;
				MARKETING_VERSION = 1.0;
				PRODUCT_BUNDLE_IDENTIFIER = "com.imrume.StandTracker-Watch-AppTests";
				PRODUCT_NAME = "$(TARGET_NAME)";
				SDKROOT = watchos;
				SUPPORTED_PLATFORMS = "iphoneos iphonesimulator watchos watchsimulator";
				SUPPORTS_MACCATALYST = NO;
				SWIFT_EMIT_LOC_STRINGS = NO;
				SWIFT_VERSION = 5.0;
				TARGETED_DEVICE_FAMILY = "1,4";
				TEST_HOST = "$(BUILT_PRODUCTS_DIR)/StandTracker Watch App.app/$(BUNDLE_EXECUTABLE_FOLDER_PATH)/StandTracker Watch App";
				VALIDATE_PRODUCT = YES;
				WATCHOS_DEPLOYMENT_TARGET = 10.5;
			};
			name = Release;
		};
		36F4A6022D282A1F005E54CB /* Debug */ = {
			isa = XCBuildConfiguration;
			buildSettings = {
				ALWAYS_EMBED_SWIFT_STANDARD_LIBRARIES = YES;
				CODE_SIGN_STYLE = Automatic;
				CURRENT_PROJECT_VERSION = 1;
				DEVELOPMENT_TEAM = 8D29WN2Z53;
				GENERATE_INFOPLIST_FILE = YES;
				MARKETING_VERSION = 1.0;
				PRODUCT_BUNDLE_IDENTIFIER = "com.imrume.StandTracker-Watch-AppUITests";
				PRODUCT_NAME = "$(TARGET_NAME)";
				SDKROOT = watchos;
				SWIFT_EMIT_LOC_STRINGS = NO;
				SWIFT_VERSION = 5.0;
				TARGETED_DEVICE_FAMILY = 4;
				TEST_TARGET_NAME = "StandTracker Watch App";
				WATCHOS_DEPLOYMENT_TARGET = 10.5;
			};
			name = Debug;
		};
		36F4A6032D282A1F005E54CB /* Release */ = {
			isa = XCBuildConfiguration;
			buildSettings = {
				ALWAYS_EMBED_SWIFT_STANDARD_LIBRARIES = YES;
				CODE_SIGN_STYLE = Automatic;
				CURRENT_PROJECT_VERSION = 1;
				DEVELOPMENT_TEAM = 8D29WN2Z53;
				GENERATE_INFOPLIST_FILE = YES;
				MARKETING_VERSION = 1.0;
				PRODUCT_BUNDLE_IDENTIFIER = "com.imrume.StandTracker-Watch-AppUITests";
				PRODUCT_NAME = "$(TARGET_NAME)";
				SDKROOT = watchos;
				SWIFT_EMIT_LOC_STRINGS = NO;
				SWIFT_VERSION = 5.0;
				TARGETED_DEVICE_FAMILY = 4;
				TEST_TARGET_NAME = "StandTracker Watch App";
				VALIDATE_PRODUCT = YES;
				WATCHOS_DEPLOYMENT_TARGET = 10.5;
			};
			name = Release;
		};
/* End XCBuildConfiguration section */

/* Begin XCConfigurationList section */
		36F4A5C82D282A1D005E54CB /* Build configuration list for PBXProject "StandTracker" */ = {
			isa = XCConfigurationList;
			buildConfigurations = (
				36F4A5F52D282A1F005E54CB /* Debug */,
				36F4A5F62D282A1F005E54CB /* Release */,
			);
			defaultConfigurationIsVisible = 0;
			defaultConfigurationName = Release;
		};
		36F4A5F72D282A1F005E54CB /* Build configuration list for PBXNativeTarget "StandTracker Watch App" */ = {
			isa = XCConfigurationList;
			buildConfigurations = (
				36F4A5F82D282A1F005E54CB /* Debug */,
				36F4A5F92D282A1F005E54CB /* Release */,
			);
			defaultConfigurationIsVisible = 0;
			defaultConfigurationName = Release;
		};
		36F4A5FB2D282A1F005E54CB /* Build configuration list for PBXNativeTarget "StandTracker" */ = {
			isa = XCConfigurationList;
			buildConfigurations = (
				36F4A5FC2D282A1F005E54CB /* Debug */,
				36F4A5FD2D282A1F005E54CB /* Release */,
			);
			defaultConfigurationIsVisible = 0;
			defaultConfigurationName = Release;
		};
		36F4A5FE2D282A1F005E54CB /* Build configuration list for PBXNativeTarget "StandTracker Watch AppTests" */ = {
			isa = XCConfigurationList;
			buildConfigurations = (
				36F4A5FF2D282A1F005E54CB /* Debug */,
				36F4A6002D282A1F005E54CB /* Release */,
			);
			defaultConfigurationIsVisible = 0;
			defaultConfigurationName = Release;
		};
		36F4A6012D282A1F005E54CB /* Build configuration list for PBXNativeTarget "StandTracker Watch AppUITests" */ = {
			isa = XCConfigurationList;
			buildConfigurations = (
				36F4A6022D282A1F005E54CB /* Debug */,
				36F4A6032D282A1F005E54CB /* Release */,
			);
			defaultConfigurationIsVisible = 0;
			defaultConfigurationName = Release;
		};
/* End XCConfigurationList section */
	};
	rootObject = 36F4A5C52D282A1D005E54CB /* Project object */;
}
